{
  "version": "4",
  "workspace": {
    "packageJson": {
      "dependencies": [
        "npm:@types/node@22.9.1",
        "npm:@vitejs/plugin-vue@5.2.0",
        "npm:autoprefixer@10.4.20",
        "npm:axios@^1.7.7",
        "npm:json-server@0.17.4",
        "npm:postcss@8.4.49",
        "npm:primeicons@7.0.0",
        "npm:tailwindcss@3.4.15",
        "npm:types@0.1.1",
        "npm:typescript@5.6.3",
        "npm:vite@5.4.11",
        "npm:vue-router@4.4.5",
        "npm:vue-spinner@^1.0.4",
        "npm:vue-tsc@2.1.10",
        "npm:vue@3.5.13"
      ]
    }
  }
}
